
Microsoft Visual Studio Solution File, Format Version 12.00
# Visual Studio 15
VisualStudioVersion = 15.0.28307.489
MinimumVisualStudioVersion = 10.0.40219.1
Project("{888888A0-9F3D-457C-B088-3A5042F75D52}") = "PCLPython", "PCLPython\PCLPython.pyproj", "{B4ED8A5D-6921-4F63-AAFB-EDA48759282D}"
EndProject
Project("{888888A0-9F3D-457C-B088-3A5042F75D52}") = "Playing with python", "Playing with python\Playing with python.pyproj", "{35BEE3E3-B830-4F82-A86F-0EAE06065AD3}"
EndProject
Global
	GlobalSection(SolutionConfigurationPlatforms) = preSolution
		Debug|Any CPU = Debug|Any CPU
		Release|Any CPU = Release|Any CPU
	EndGlobalSection
	GlobalSection(ProjectConfigurationPlatforms) = postSolution
		{B4ED8A5D-6921-4F63-AAFB-EDA48759282D}.Debug|Any CPU.ActiveCfg = Debug|Any CPU
		{B4ED8A5D-6921-4F63-AAFB-EDA48759282D}.Release|Any CPU.ActiveCfg = Release|Any CPU
		{35BEE3E3-B830-4F82-A86F-0EAE06065AD3}.Debug|Any CPU.ActiveCfg = Debug|Any CPU
		{35BEE3E3-B830-4F82-A86F-0EAE06065AD3}.Release|Any CPU.ActiveCfg = Release|Any CPU
	EndGlobalSection
	GlobalSection(SolutionProperties) = preSolution
		HideSolutionNode = FALSE
	EndGlobalSection
	GlobalSection(ExtensibilityGlobals) = postSolution
		SolutionGuid = {0E880393-A372-4B4B-B57B-04051A731A4C}
	EndGlobalSection
EndGlobal
